{
  "name": "Telegram clone",
  "lockfileVersion": 3,
  "requires": true,
  "packages": {
    "": {
      "dependencies": {
        "lucide-react": "^0.501.0"
      }
    },
    "node_modules/lucide-react": {
      "version": "0.501.0",
      "resolved": "https://registry.npmjs.org/lucide-react/-/lucide-react-0.501.0.tgz",
      "integrity": "sha512-E2KoyhW59fCb/yUbR3rbDer83fqn7a8NG91ZhIot2yWaPHjPyGzzsNKh40N//GezYShAuycf3TcQksRQznIsRw==",
      "license": "ISC",
      "peerDependencies": {
        "react": "^16.5.1 || ^17.0.0 || ^18.0.0 || ^19.0.0"
      }
    },
    "node_modules/react": {
      "version": "19.1.0",
      "resolved": "https://registry.npmjs.org/react/-/react-19.1.0.tgz",
      "integrity": "sha512-FS+XFBNvn3GTAWq26joslQgWNoFu08F4kl0J4CgdNKADkdSGXQyTCnKteIAJy96Br6YbpEU1LSzV5dYtjMkMDg==",
      "license": "MIT",
      "peer": true,
      "engines": {
        "node": ">=0.10.0"
      }
    }
  }
}
